
Microsoft Visual Studio Solution File, Format Version 12.00
# Visual Studio 15
VisualStudioVersion = 15.0.28307.329
MinimumVisualStudioVersion = 10.0.40219.1
Project("{FAE04EC0-301F-11D3-BF4B-00C04F79EFBC}") = "Task1", "Task1\Task1.csproj", "{C6691A43-F9B6-40BC-9C4D-D4BA78EB2B29}"
EndProject
Global
	GlobalSection(SolutionConfigurationPlatforms) = preSolution
		Debug|Any CPU = Debug|Any CPU
		Release|Any CPU = Release|Any CPU
	EndGlobalSection
	GlobalSection(ProjectConfigurationPlatforms) = postSolution
		{C6691A43-F9B6-40BC-9C4D-D4BA78EB2B29}.Debug|Any CPU.ActiveCfg = Debug|Any CPU
		{C6691A43-F9B6-40BC-9C4D-D4BA78EB2B29}.Debug|Any CPU.Build.0 = Debug|Any CPU
		{C6691A43-F9B6-40BC-9C4D-D4BA78EB2B29}.Release|Any CPU.ActiveCfg = Release|Any CPU
		{C6691A43-F9B6-40BC-9C4D-D4BA78EB2B29}.Release|Any CPU.Build.0 = Release|Any CPU
	EndGlobalSection
	GlobalSection(SolutionProperties) = preSolution
		HideSolutionNode = FALSE
	EndGlobalSection
	GlobalSection(ExtensibilityGlobals) = postSolution
		SolutionGuid = {A5F41DEF-FADE-42B0-92D9-A3417578CBC4}
	EndGlobalSection
EndGlobal
